Microsoft Visual Studio Solution File, Format Version 12.00
# Visual Studio Version 17
VisualStudioVersion = 17.5.2.0
MinimumVisualStudioVersion = 10.0.40219.1
Project("{2150E333-8FDC-42A3-9474-1A3956D46DE8}") = "ecommerce-app", "ecommerce-app", "{5AADB4E1-48C5-A8CE-BAC9-E8047E2E9CC5}"
EndProject
Project("{FAE04EC0-301F-11D3-BF4B-00C04F79EFBC}") = "EcommerceApi", "ecommerce-app\backend\EcommerceApi.csproj", "{0CA2E8B8-22AA-BDA2-90A4-5B4C523FD9BF}"
EndProject
Global
	GlobalSection(SolutionConfigurationPlatforms) = preSolution
		Debug|Any CPU = Debug|Any CPU
		Release|Any CPU = Release|Any CPU
	EndGlobalSection
	GlobalSection(ProjectConfigurationPlatforms) = postSolution
		{0CA2E8B8-22AA-BDA2-90A4-5B4C523FD9BF}.Debug|Any CPU.ActiveCfg = Debug|Any CPU
		{0CA2E8B8-22AA-BDA2-90A4-5B4C523FD9BF}.Debug|Any CPU.Build.0 = Debug|Any CPU
		{0CA2E8B8-22AA-BDA2-90A4-5B4C523FD9BF}.Release|Any CPU.ActiveCfg = Release|Any CPU
		{0CA2E8B8-22AA-BDA2-90A4-5B4C523FD9BF}.Release|Any CPU.Build.0 = Release|Any CPU
	EndGlobalSection
	GlobalSection(SolutionProperties) = preSolution
		HideSolutionNode = FALSE
	EndGlobalSection
	GlobalSection(NestedProjects) = preSolution
		{0CA2E8B8-22AA-BDA2-90A4-5B4C523FD9BF} = {5AADB4E1-48C5-A8CE-BAC9-E8047E2E9CC5}
	EndGlobalSection
	GlobalSection(ExtensibilityGlobals) = postSolution
		SolutionGuid = {353D33FA-40BB-482F-87BA-C63C2A852DFC}
	EndGlobalSection
EndGlobal
